{
  "name": "mrquiz",
  "lockfileVersion": 3,
  "requires": true,
  "packages": {
    "": {
      "dependencies": {
        "@vonage/vivid": "^3.49.0"
      }
    },
    "node_modules/@vonage/vivid": {
      "version": "3.49.0",
      "resolved": "https://registry.npmjs.org/@vonage/vivid/-/vivid-3.49.0.tgz",
      "integrity": "sha512-RFyMnKmPQRX30UGzZgjiMO3KKQ28/7u0T/OM1uZaeB7onADgA9lDSiiWzSb7zi2zecLrkqpyiZitMNH/cWApLg=="
    }
  }
}
